
Microsoft Visual Studio Solution File, Format Version 12.00
# Visual Studio Version 16
VisualStudioVersion = 16.0.30523.141
MinimumVisualStudioVersion = 10.0.40219.1
Project("{FAE04EC0-301F-11D3-BF4B-00C04F79EFBC}") = "WareHouseLibrary", "WareHouseLibrary\WareHouseLibrary.csproj", "{45A4927E-C50D-475E-A424-EF97AEE4100A}"
EndProject
Global
	GlobalSection(SolutionConfigurationPlatforms) = preSolution
		Debug|Any CPU = Debug|Any CPU
		Release|Any CPU = Release|Any CPU
	EndGlobalSection
	GlobalSection(ProjectConfigurationPlatforms) = postSolution
		{45A4927E-C50D-475E-A424-EF97AEE4100A}.Debug|Any CPU.ActiveCfg = Debug|Any CPU
		{45A4927E-C50D-475E-A424-EF97AEE4100A}.Debug|Any CPU.Build.0 = Debug|Any CPU
		{45A4927E-C50D-475E-A424-EF97AEE4100A}.Release|Any CPU.ActiveCfg = Release|Any CPU
		{45A4927E-C50D-475E-A424-EF97AEE4100A}.Release|Any CPU.Build.0 = Release|Any CPU
	EndGlobalSection
	GlobalSection(SolutionProperties) = preSolution
		HideSolutionNode = FALSE
	EndGlobalSection
	GlobalSection(ExtensibilityGlobals) = postSolution
		SolutionGuid = {870A25AE-A724-493F-A478-F9E78BCE7C48}
	EndGlobalSection
EndGlobal
