
Microsoft Visual Studio Solution File, Format Version 12.00
# Visual Studio Version 16
VisualStudioVersion = 16.0.30523.141
MinimumVisualStudioVersion = 10.0.40219.1
Project("{9A19103F-16F7-4668-BE54-9A1E7A4F7556}") = "Lager", "WareHouse\Lager.csproj", "{71DDF553-1C0A-41D8-9081-3EA744BE3295}"
EndProject
Global
	GlobalSection(SolutionConfigurationPlatforms) = preSolution
		Debug|Any CPU = Debug|Any CPU
		Release|Any CPU = Release|Any CPU
	EndGlobalSection
	GlobalSection(ProjectConfigurationPlatforms) = postSolution
		{71DDF553-1C0A-41D8-9081-3EA744BE3295}.Debug|Any CPU.ActiveCfg = Debug|Any CPU
		{71DDF553-1C0A-41D8-9081-3EA744BE3295}.Debug|Any CPU.Build.0 = Debug|Any CPU
		{71DDF553-1C0A-41D8-9081-3EA744BE3295}.Release|Any CPU.ActiveCfg = Release|Any CPU
		{71DDF553-1C0A-41D8-9081-3EA744BE3295}.Release|Any CPU.Build.0 = Release|Any CPU
	EndGlobalSection
	GlobalSection(SolutionProperties) = preSolution
		HideSolutionNode = FALSE
	EndGlobalSection
	GlobalSection(ExtensibilityGlobals) = postSolution
		SolutionGuid = {94EDDE86-4D68-4163-B7D8-62D2CE997D44}
	EndGlobalSection
EndGlobal
